
Microsoft Visual Studio Solution File, Format Version 12.00
# Visual Studio 15
VisualStudioVersion = 15.0.27004.2005
MinimumVisualStudioVersion = 10.0.40219.1
Project("{FAE04EC0-301F-11D3-BF4B-00C04F79EFBC}") = "User App Creator", "User App Creator\User App Creator.csproj", "{C234E477-1C24-4225-AA8B-1C3E1E40B0A1}"
EndProject
Global
	GlobalSection(SolutionConfigurationPlatforms) = preSolution
		Debug|Any CPU = Debug|Any CPU
		Release|Any CPU = Release|Any CPU
	EndGlobalSection
	GlobalSection(ProjectConfigurationPlatforms) = postSolution
		{C234E477-1C24-4225-AA8B-1C3E1E40B0A1}.Debug|Any CPU.ActiveCfg = Debug|Any CPU
		{C234E477-1C24-4225-AA8B-1C3E1E40B0A1}.Debug|Any CPU.Build.0 = Debug|Any CPU
		{C234E477-1C24-4225-AA8B-1C3E1E40B0A1}.Release|Any CPU.ActiveCfg = Release|Any CPU
		{C234E477-1C24-4225-AA8B-1C3E1E40B0A1}.Release|Any CPU.Build.0 = Release|Any CPU
	EndGlobalSection
	GlobalSection(SolutionProperties) = preSolution
		HideSolutionNode = FALSE
	EndGlobalSection
	GlobalSection(ExtensibilityGlobals) = postSolution
		SolutionGuid = {0E34C7AB-28D5-4657-A1F0-21BDC2A6853E}
	EndGlobalSection
EndGlobal
